
Microsoft Visual Studio Solution File, Format Version 12.00
# Visual Studio Version 17
VisualStudioVersion = 17.8.34004.107
MinimumVisualStudioVersion = 10.0.40219.1
Project("{9A19103F-16F7-4668-BE54-9A1E7A4F7556}") = "MyChatClient", "MyChatClient\MyChatClient.csproj", "{A9E189E1-7B0A-43CC-9881-2085C7C63A14}"
EndProject
Project("{9A19103F-16F7-4668-BE54-9A1E7A4F7556}") = "MyChatServer", "MyChatServer\MyChatServer.csproj", "{075C8034-8EB1-4BC3-91CC-84098496C5F7}"
EndProject
Global
	GlobalSection(SolutionConfigurationPlatforms) = preSolution
		Debug|Any CPU = Debug|Any CPU
		Release|Any CPU = Release|Any CPU
	EndGlobalSection
	GlobalSection(ProjectConfigurationPlatforms) = postSolution
		{A9E189E1-7B0A-43CC-9881-2085C7C63A14}.Debug|Any CPU.ActiveCfg = Debug|Any CPU
		{A9E189E1-7B0A-43CC-9881-2085C7C63A14}.Debug|Any CPU.Build.0 = Debug|Any CPU
		{A9E189E1-7B0A-43CC-9881-2085C7C63A14}.Release|Any CPU.ActiveCfg = Release|Any CPU
		{A9E189E1-7B0A-43CC-9881-2085C7C63A14}.Release|Any CPU.Build.0 = Release|Any CPU
		{075C8034-8EB1-4BC3-91CC-84098496C5F7}.Debug|Any CPU.ActiveCfg = Debug|Any CPU
		{075C8034-8EB1-4BC3-91CC-84098496C5F7}.Debug|Any CPU.Build.0 = Debug|Any CPU
		{075C8034-8EB1-4BC3-91CC-84098496C5F7}.Release|Any CPU.ActiveCfg = Release|Any CPU
		{075C8034-8EB1-4BC3-91CC-84098496C5F7}.Release|Any CPU.Build.0 = Release|Any CPU
	EndGlobalSection
	GlobalSection(SolutionProperties) = preSolution
		HideSolutionNode = FALSE
	EndGlobalSection
	GlobalSection(ExtensibilityGlobals) = postSolution
		SolutionGuid = {02CB6FCE-7C5A-4BC7-BA13-C296970001E0}
	EndGlobalSection
EndGlobal
